
Microsoft Visual Studio Solution File, Format Version 12.00
# Visual Studio Version 16
VisualStudioVersion = 16.0.35706.149
MinimumVisualStudioVersion = 10.0.40219.1
Project("{FAE04EC0-301F-11D3-BF4B-00C04F79EFBC}") = "Encrypt-Decrypt", "Encrypt-Decrypt\Encrypt-Decrypt.csproj", "{77054BC5-4EF3-4197-83EE-35B14DBD0F95}"
EndProject
Global
	GlobalSection(SolutionConfigurationPlatforms) = preSolution
		Debug|Any CPU = Debug|Any CPU
		Release|Any CPU = Release|Any CPU
	EndGlobalSection
	GlobalSection(ProjectConfigurationPlatforms) = postSolution
		{77054BC5-4EF3-4197-83EE-35B14DBD0F95}.Debug|Any CPU.ActiveCfg = Debug|Any CPU
		{77054BC5-4EF3-4197-83EE-35B14DBD0F95}.Debug|Any CPU.Build.0 = Debug|Any CPU
		{77054BC5-4EF3-4197-83EE-35B14DBD0F95}.Release|Any CPU.ActiveCfg = Release|Any CPU
		{77054BC5-4EF3-4197-83EE-35B14DBD0F95}.Release|Any CPU.Build.0 = Release|Any CPU
	EndGlobalSection
	GlobalSection(SolutionProperties) = preSolution
		HideSolutionNode = FALSE
	EndGlobalSection
	GlobalSection(ExtensibilityGlobals) = postSolution
		SolutionGuid = {56FCE207-8CF3-40F6-8E6A-EE3C831BAEFB}
	EndGlobalSection
EndGlobal
